// !$*UTF8*$!
{
	archiveVersion = 1;
	classes = {
	};
	objectVersion = 50;
	objects = {

/* Begin PBXBuildFile section */
		253CFDF222CB30E600C4B051 /* AppDelegate.m in Sources */ = {isa = PBXBuildFile; fileRef = 253CFDF122CB30E600C4B051 /* AppDelegate.m */; };
		253CFDF822CB30E600C4B051 /* Main.storyboard in Resources */ = {isa = PBXBuildFile; fileRef = 253CFDF622CB30E600C4B051 /* Main.storyboard */; };
		253CFDFA22CB30E900C4B051 /* Assets.xcassets in Resources */ = {isa = PBXBuildFile; fileRef = 253CFDF922CB30E900C4B051 /* Assets.xcassets */; };
		253CFDFD22CB30E900C4B051 /* LaunchScreen.storyboard in Resources */ = {isa = PBXBuildFile; fileRef = 253CFDFB22CB30E900C4B051 /* LaunchScreen.storyboard */; };
		253CFE0022CB30E900C4B051 /* main.m in Sources */ = {isa = PBXBuildFile; fileRef = 253CFDFF22CB30E900C4B051 /* main.m */; };
		253CFE0A22CB30E900C4B051 /* OpenGLES_testTests.m in Sources */ = {isa = PBXBuildFile; fileRef = 253CFE0922CB30E900C4B051 /* OpenGLES_testTests.m */; };
		253CFE1522CB30E900C4B051 /* OpenGLES_testUITests.m in Sources */ = {isa = PBXBuildFile; fileRef = 253CFE1422CB30E900C4B051 /* OpenGLES_testUITests.m */; };
		253CFE2422CB310B00C4B051 /* AGLKContext.m in Sources */ = {isa = PBXBuildFile; fileRef = 253CFE2222CB310B00C4B051 /* AGLKContext.m */; };
		253CFE2922CB313C00C4B051 /* AGLKVertexAttribArrayBuffer.m in Sources */ = {isa = PBXBuildFile; fileRef = 253CFE2722CB313B00C4B051 /* AGLKVertexAttribArrayBuffer.m */; };
		253CFE2A22CB313C00C4B051 /* AGLKTextureTransformBaseEffect.m in Sources */ = {isa = PBXBuildFile; fileRef = 253CFE2822CB313B00C4B051 /* AGLKTextureTransformBaseEffect.m */; };
		253CFE3422CB315900C4B051 /* SceneAnimatedMesh.m in Sources */ = {isa = PBXBuildFile; fileRef = 253CFE2B22CB315800C4B051 /* SceneAnimatedMesh.m */; };
		253CFE3522CB315900C4B051 /* SceneModel.m in Sources */ = {isa = PBXBuildFile; fileRef = 253CFE3022CB315900C4B051 /* SceneModel.m */; };
		253CFE3622CB315900C4B051 /* SceneCanLightModel.m in Sources */ = {isa = PBXBuildFile; fileRef = 253CFE3122CB315900C4B051 /* SceneCanLightModel.m */; };
		253CFE3722CB315900C4B051 /* SceneMesh.m in Sources */ = {isa = PBXBuildFile; fileRef = 253CFE3222CB315900C4B051 /* SceneMesh.m */; };
		253CFE3A22CB317100C4B051 /* AGLKTextureMatrix2PointLightShader.fsh in Resources */ = {isa = PBXBuildFile; fileRef = 253CFE3822CB317100C4B051 /* AGLKTextureMatrix2PointLightShader.fsh */; };
		253CFE3B22CB317100C4B051 /* AGLKTextureMatrix2PointLightShader.vsh in Resources */ = {isa = PBXBuildFile; fileRef = 253CFE3922CB317100C4B051 /* AGLKTextureMatrix2PointLightShader.vsh */; };
		253CFE3E22CB318200C4B051 /* OpenGLES_Ch6_4ViewController.m in Sources */ = {isa = PBXBuildFile; fileRef = 253CFE3D22CB318200C4B051 /* OpenGLES_Ch6_4ViewController.m */; };
		253CFE4022CB31F300C4B051 /* RadiusSelectionTool.png in Resources */ = {isa = PBXBuildFile; fileRef = 253CFE3F22CB31F300C4B051 /* RadiusSelectionTool.png */; };
/* End PBXBuildFile section */

/* Begin PBXContainerItemProxy section */
		253CFE0622CB30E900C4B051 /* PBXContainerItemProxy */ = {
			isa = PBXContainerItemProxy;
			containerPortal = 253CFDE522CB30E600C4B051 /* Project object */;
			proxyType = 1;
			remoteGlobalIDString = 253CFDEC22CB30E600C4B051;
			remoteInfo = OpenGLES_test;
		};
		253CFE1122CB30E900C4B051 /* PBXContainerItemProxy */ = {
			isa = PBXContainerItemProxy;
			containerPortal = 253CFDE522CB30E600C4B051 /* Project object */;
			proxyType = 1;
			remoteGlobalIDString = 253CFDEC22CB30E600C4B051;
			remoteInfo = OpenGLES_test;
		};
/* End PBXContainerItemProxy section */

/* Begin PBXFileReference section */
		253CFDED22CB30E600C4B051 /* OpenGLES_test.app */ = {isa = PBXFileReference; explicitFileType = wrapper.application; includeInIndex = 0; path = OpenGLES_test.app; sourceTree = BUILT_PRODUCTS_DIR; };
		253CFDF022CB30E600C4B051 /* AppDelegate.h */ = {isa = PBXFileReference; lastKnownFileType = sourcecode.c.h; path = AppDelegate.h; sourceTree = "<group>"; };
		253CFDF122CB30E600C4B051 /* AppDelegate.m */ = {isa = PBXFileReference; lastKnownFileType = sourcecode.c.objc; path = AppDelegate.m; sourceTree = "<group>"; };
		253CFDF722CB30E600C4B051 /* Base */ = {isa = PBXFileReference; lastKnownFileType = file.storyboard; name = Base; path = Base.lproj/Main.storyboard; sourceTree = "<group>"; };
		253CFDF922CB30E900C4B051 /* Assets.xcassets */ = {isa = PBXFileReference; lastKnownFileType = folder.assetcatalog; path = Assets.xcassets; sourceTree = "<group>"; };
		253CFDFC22CB30E900C4B051 /* Base */ = {isa = PBXFileReference; lastKnownFileType = file.storyboard; name = Base; path = Base.lproj/LaunchScreen.storyboard; sourceTree = "<group>"; };
		253CFDFE22CB30E900C4B051 /* Info.plist */ = {isa = PBXFileReference; lastKnownFileType = text.plist.xml; path = Info.plist; sourceTree = "<group>"; };
		253CFDFF22CB30E900C4B051 /* main.m */ = {isa = PBXFileReference; lastKnownFileType = sourcecode.c.objc; path = main.m; sourceTree = "<group>"; };
		253CFE0522CB30E900C4B051 /* OpenGLES_testTests.xctest */ = {isa = PBXFileReference; explicitFileType = wrapper.cfbundle; includeInIndex = 0; path = OpenGLES_testTests.xctest; sourceTree = BUILT_PRODUCTS_DIR; };
		253CFE0922CB30E900C4B051 /* OpenGLES_testTests.m */ = {isa = PBXFileReference; lastKnownFileType = sourcecode.c.objc; path = OpenGLES_testTests.m; sourceTree = "<group>"; };
		253CFE0B22CB30E900C4B051 /* Info.plist */ = {isa = PBXFileReference; lastKnownFileType = text.plist.xml; path = Info.plist; sourceTree = "<group>"; };
		253CFE1022CB30E900C4B051 /* OpenGLES_testUITests.xctest */ = {isa = PBXFileReference; explicitFileType = wrapper.cfbundle; includeInIndex = 0; path = OpenGLES_testUITests.xctest; sourceTree = BUILT_PRODUCTS_DIR; };
		253CFE1422CB30E900C4B051 /* OpenGLES_testUITests.m */ = {isa = PBXFileReference; lastKnownFileType = sourcecode.c.objc; path = OpenGLES_testUITests.m; sourceTree = "<group>"; };
		253CFE1622CB30E900C4B051 /* Info.plist */ = {isa = PBXFileReference; lastKnownFileType = text.plist.xml; path = Info.plist; sourceTree = "<group>"; };
		253CFE2222CB310B00C4B051 /* AGLKContext.m */ = {isa = PBXFileReference; fileEncoding = 4; lastKnownFileType = sourcecode.c.objc; path = AGLKContext.m; sourceTree = "<group>"; };
		253CFE2322CB310B00C4B051 /* AGLKContext.h */ = {isa = PBXFileReference; fileEncoding = 4; lastKnownFileType = sourcecode.c.h; path = AGLKContext.h; sourceTree = "<group>"; };
		253CFE2522CB313B00C4B051 /* AGLKTextureTransformBaseEffect.h */ = {isa = PBXFileReference; fileEncoding = 4; lastKnownFileType = sourcecode.c.h; path = AGLKTextureTransformBaseEffect.h; sourceTree = "<group>"; };
		253CFE2622CB313B00C4B051 /* AGLKVertexAttribArrayBuffer.h */ = {isa = PBXFileReference; fileEncoding = 4; lastKnownFileType = sourcecode.c.h; path = AGLKVertexAttribArrayBuffer.h; sourceTree = "<group>"; };
		253CFE2722CB313B00C4B051 /* AGLKVertexAttribArrayBuffer.m */ = {isa = PBXFileReference; fileEncoding = 4; lastKnownFileType = sourcecode.c.objc; path = AGLKVertexAttribArrayBuffer.m; sourceTree = "<group>"; };
		253CFE2822CB313B00C4B051 /* AGLKTextureTransformBaseEffect.m */ = {isa = PBXFileReference; fileEncoding = 4; lastKnownFileType = sourcecode.c.objc; path = AGLKTextureTransformBaseEffect.m; sourceTree = "<group>"; };
		253CFE2B22CB315800C4B051 /* SceneAnimatedMesh.m */ = {isa = PBXFileReference; fileEncoding = 4; lastKnownFileType = sourcecode.c.objc; path = SceneAnimatedMesh.m; sourceTree = "<group>"; };
		253CFE2C22CB315800C4B051 /* SceneModel.h */ = {isa = PBXFileReference; fileEncoding = 4; lastKnownFileType = sourcecode.c.h; path = SceneModel.h; sourceTree = "<group>"; };
		253CFE2D22CB315800C4B051 /* SceneMesh.h */ = {isa = PBXFileReference; fileEncoding = 4; lastKnownFileType = sourcecode.c.h; path = SceneMesh.h; sourceTree = "<group>"; };
		253CFE2E22CB315800C4B051 /* SceneAnimatedMesh.h */ = {isa = PBXFileReference; fileEncoding = 4; lastKnownFileType = sourcecode.c.h; path = SceneAnimatedMesh.h; sourceTree = "<group>"; };
		253CFE2F22CB315800C4B051 /* SceneCanLightModel.h */ = {isa = PBXFileReference; fileEncoding = 4; lastKnownFileType = sourcecode.c.h; path = SceneCanLightModel.h; sourceTree = "<group>"; };
		253CFE3022CB315900C4B051 /* SceneModel.m */ = {isa = PBXFileReference; fileEncoding = 4; lastKnownFileType = sourcecode.c.objc; path = SceneModel.m; sourceTree = "<group>"; };
		253CFE3122CB315900C4B051 /* SceneCanLightModel.m */ = {isa = PBXFileReference; fileEncoding = 4; lastKnownFileType = sourcecode.c.objc; path = SceneCanLightModel.m; sourceTree = "<group>"; };
		253CFE3222CB315900C4B051 /* SceneMesh.m */ = {isa = PBXFileReference; fileEncoding = 4; lastKnownFileType = sourcecode.c.objc; path = SceneMesh.m; sourceTree = "<group>"; };
		253CFE3322CB315900C4B051 /* canLight.h */ = {isa = PBXFileReference; fileEncoding = 4; lastKnownFileType = sourcecode.c.h; path = canLight.h; sourceTree = "<group>"; };
		253CFE3822CB317100C4B051 /* AGLKTextureMatrix2PointLightShader.fsh */ = {isa = PBXFileReference; fileEncoding = 4; lastKnownFileType = sourcecode.glsl; path = AGLKTextureMatrix2PointLightShader.fsh; sourceTree = "<group>"; };
		253CFE3922CB317100C4B051 /* AGLKTextureMatrix2PointLightShader.vsh */ = {isa = PBXFileReference; fileEncoding = 4; lastKnownFileType = sourcecode.glsl; path = AGLKTextureMatrix2PointLightShader.vsh; sourceTree = "<group>"; };
		253CFE3C22CB318200C4B051 /* OpenGLES_Ch6_4ViewController.h */ = {isa = PBXFileReference; fileEncoding = 4; lastKnownFileType = sourcecode.c.h; path = OpenGLES_Ch6_4ViewController.h; sourceTree = "<group>"; };
		253CFE3D22CB318200C4B051 /* OpenGLES_Ch6_4ViewController.m */ = {isa = PBXFileReference; fileEncoding = 4; lastKnownFileType = sourcecode.c.objc; path = OpenGLES_Ch6_4ViewController.m; sourceTree = "<group>"; };
		253CFE3F22CB31F300C4B051 /* RadiusSelectionTool.png */ = {isa = PBXFileReference; lastKnownFileType = image.png; name = RadiusSelectionTool.png; path = ../../OpenGLES_6_4/OpenGLES_6_4/RadiusSelectionTool.png; sourceTree = "<group>"; };
/* End PBXFileReference section */

/* Begin PBXFrameworksBuildPhase section */
		253CFDEA22CB30E600C4B051 /* Frameworks */ = {
			isa = PBXFrameworksBuildPhase;
			buildActionMask = 2147483647;
			files = (
			);
			runOnlyForDeploymentPostprocessing = 0;
		};
		253CFE0222CB30E900C4B051 /* Frameworks */ = {
			isa = PBXFrameworksBuildPhase;
			buildActionMask = 2147483647;
			files = (
			);
			runOnlyForDeploymentPostprocessing = 0;
		};
		253CFE0D22CB30E900C4B051 /* Frameworks */ = {
			isa = PBXFrameworksBuildPhase;
			buildActionMask = 2147483647;
			files = (
			);
			runOnlyForDeploymentPostprocessing = 0;
		};
/* End PBXFrameworksBuildPhase section */

/* Begin PBXGroup section */
		253CFDE422CB30E600C4B051 = {
			isa = PBXGroup;
			children = (
				253CFDEF22CB30E600C4B051 /* OpenGLES_test */,
				253CFE0822CB30E900C4B051 /* OpenGLES_testTests */,
				253CFE1322CB30E900C4B051 /* OpenGLES_testUITests */,
				253CFDEE22CB30E600C4B051 /* Products */,
			);
			sourceTree = "<group>";
		};
		253CFDEE22CB30E600C4B051 /* Products */ = {
			isa = PBXGroup;
			children = (
				253CFDED22CB30E600C4B051 /* OpenGLES_test.app */,
				253CFE0522CB30E900C4B051 /* OpenGLES_testTests.xctest */,
				253CFE1022CB30E900C4B051 /* OpenGLES_testUITests.xctest */,
			);
			name = Products;
			sourceTree = "<group>";
		};
		253CFDEF22CB30E600C4B051 /* OpenGLES_test */ = {
			isa = PBXGroup;
			children = (
				253CFE3822CB317100C4B051 /* AGLKTextureMatrix2PointLightShader.fsh */,
				253CFE3922CB317100C4B051 /* AGLKTextureMatrix2PointLightShader.vsh */,
				253CFE2322CB310B00C4B051 /* AGLKContext.h */,
				253CFE2222CB310B00C4B051 /* AGLKContext.m */,
				253CFE2522CB313B00C4B051 /* AGLKTextureTransformBaseEffect.h */,
				253CFE2822CB313B00C4B051 /* AGLKTextureTransformBaseEffect.m */,
				253CFE2622CB313B00C4B051 /* AGLKVertexAttribArrayBuffer.h */,
				253CFE2722CB313B00C4B051 /* AGLKVertexAttribArrayBuffer.m */,
				253CFE3322CB315900C4B051 /* canLight.h */,
				253CFE2E22CB315800C4B051 /* SceneAnimatedMesh.h */,
				253CFE2B22CB315800C4B051 /* SceneAnimatedMesh.m */,
				253CFE2F22CB315800C4B051 /* SceneCanLightModel.h */,
				253CFE3122CB315900C4B051 /* SceneCanLightModel.m */,
				253CFE2D22CB315800C4B051 /* SceneMesh.h */,
				253CFE3222CB315900C4B051 /* SceneMesh.m */,
				253CFE2C22CB315800C4B051 /* SceneModel.h */,
				253CFE3022CB315900C4B051 /* SceneModel.m */,
				253CFDF022CB30E600C4B051 /* AppDelegate.h */,
				253CFDF122CB30E600C4B051 /* AppDelegate.m */,
				253CFE3C22CB318200C4B051 /* OpenGLES_Ch6_4ViewController.h */,
				253CFE3D22CB318200C4B051 /* OpenGLES_Ch6_4ViewController.m */,
				253CFDF622CB30E600C4B051 /* Main.storyboard */,
				253CFDF922CB30E900C4B051 /* Assets.xcassets */,
				253CFDFB22CB30E900C4B051 /* LaunchScreen.storyboard */,
				253CFDFE22CB30E900C4B051 /* Info.plist */,
				253CFDFF22CB30E900C4B051 /* main.m */,
				253CFE3F22CB31F300C4B051 /* RadiusSelectionTool.png */,
			);
			path = OpenGLES_test;
			sourceTree = "<group>";
		};
		253CFE0822CB30E900C4B051 /* OpenGLES_testTests */ = {
			isa = PBXGroup;
			children = (
				253CFE0922CB30E900C4B051 /* OpenGLES_testTests.m */,
				253CFE0B22CB30E900C4B051 /* Info.plist */,
			);
			path = OpenGLES_testTests;
			sourceTree = "<group>";
		};
		253CFE1322CB30E900C4B051 /* OpenGLES_testUITests */ = {
			isa = PBXGroup;
			children = (
				253CFE1422CB30E900C4B051 /* OpenGLES_testUITests.m */,
				253CFE1622CB30E900C4B051 /* Info.plist */,
			);
			path = OpenGLES_testUITests;
			sourceTree = "<group>";
		};
/* End PBXGroup section */

/* Begin PBXNativeTarget section */
		253CFDEC22CB30E600C4B051 /* OpenGLES_test */ = {
			isa = PBXNativeTarget;
			buildConfigurationList = 253CFE1922CB30E900C4B051 /* Build configuration list for PBXNativeTarget "OpenGLES_test" */;
			buildPhases = (
				253CFDE922CB30E600C4B051 /* Sources */,
				253CFDEA22CB30E600C4B051 /* Frameworks */,
				253CFDEB22CB30E600C4B051 /* Resources */,
			);
			buildRules = (
			);
			dependencies = (
			);
			name = OpenGLES_test;
			productName = OpenGLES_test;
			productReference = 253CFDED22CB30E600C4B051 /* OpenGLES_test.app */;
			productType = "com.apple.product-type.application";
		};
		253CFE0422CB30E900C4B051 /* OpenGLES_testTests */ = {
			isa = PBXNativeTarget;
			buildConfigurationList = 253CFE1C22CB30E900C4B051 /* Build configuration list for PBXNativeTarget "OpenGLES_testTests" */;
			buildPhases = (
				253CFE0122CB30E900C4B051 /* Sources */,
				253CFE0222CB30E900C4B051 /* Frameworks */,
				253CFE0322CB30E900C4B051 /* Resources */,
			);
			buildRules = (
			);
			dependencies = (
				253CFE0722CB30E900C4B051 /* PBXTargetDependency */,
			);
			name = OpenGLES_testTests;
			productName = OpenGLES_testTests;
			productReference = 253CFE0522CB30E900C4B051 /* OpenGLES_testTests.xctest */;
			productType = "com.apple.product-type.bundle.unit-test";
		};
		253CFE0F22CB30E900C4B051 /* OpenGLES_testUITests */ = {
			isa = PBXNativeTarget;
			buildConfigurationList = 253CFE1F22CB30E900C4B051 /* Build configuration list for PBXNativeTarget "OpenGLES_testUITests" */;
			buildPhases = (
				253CFE0C22CB30E900C4B051 /* Sources */,
				253CFE0D22CB30E900C4B051 /* Frameworks */,
				253CFE0E22CB30E900C4B051 /* Resources */,
			);
			buildRules = (
			);
			dependencies = (
				253CFE1222CB30E900C4B051 /* PBXTargetDependency */,
			);
			name = OpenGLES_testUITests;
			productName = OpenGLES_testUITests;
			productReference = 253CFE1022CB30E900C4B051 /* OpenGLES_testUITests.xctest */;
			productType = "com.apple.product-type.bundle.ui-testing";
		};
/* End PBXNativeTarget section */

/* Begin PBXProject section */
		253CFDE522CB30E600C4B051 /* Project object */ = {
			isa = PBXProject;
			attributes = {
				LastUpgradeCheck = 1020;
				ORGANIZATIONNAME = luowailin;
				TargetAttributes = {
					253CFDEC22CB30E600C4B051 = {
						CreatedOnToolsVersion = 10.2.1;
					};
					253CFE0422CB30E900C4B051 = {
						CreatedOnToolsVersion = 10.2.1;
						TestTargetID = 253CFDEC22CB30E600C4B051;
					};
					253CFE0F22CB30E900C4B051 = {
						CreatedOnToolsVersion = 10.2.1;
						TestTargetID = 253CFDEC22CB30E600C4B051;
					};
				};
			};
			buildConfigurationList = 253CFDE822CB30E600C4B051 /* Build configuration list for PBXProject "OpenGLES_test" */;
			compatibilityVersion = "Xcode 9.3";
			developmentRegion = en;
			hasScannedForEncodings = 0;
			knownRegions = (
				en,
				Base,
			);
			mainGroup = 253CFDE422CB30E600C4B051;
			productRefGroup = 253CFDEE22CB30E600C4B051 /* Products */;
			projectDirPath = "";
			projectRoot = "";
			targets = (
				253CFDEC22CB30E600C4B051 /* OpenGLES_test */,
				253CFE0422CB30E900C4B051 /* OpenGLES_testTests */,
				253CFE0F22CB30E900C4B051 /* OpenGLES_testUITests */,
			);
		};
/* End PBXProject section */

/* Begin PBXResourcesBuildPhase section */
		253CFDEB22CB30E600C4B051 /* Resources */ = {
			isa = PBXResourcesBuildPhase;
			buildActionMask = 2147483647;
			files = (
				253CFDFD22CB30E900C4B051 /* LaunchScreen.storyboard in Resources */,
				253CFE3B22CB317100C4B051 /* AGLKTextureMatrix2PointLightShader.vsh in Resources */,
				253CFE4022CB31F300C4B051 /* RadiusSelectionTool.png in Resources */,
				253CFE3A22CB317100C4B051 /* AGLKTextureMatrix2PointLightShader.fsh in Resources */,
				253CFDFA22CB30E900C4B051 /* Assets.xcassets in Resources */,
				253CFDF822CB30E600C4B051 /* Main.storyboard in Resources */,
			);
			runOnlyForDeploymentPostprocessing = 0;
		};
		253CFE0322CB30E900C4B051 /* Resources */ = {
			isa = PBXResourcesBuildPhase;
			buildActionMask = 2147483647;
			files = (
			);
			runOnlyForDeploymentPostprocessing = 0;
		};
		253CFE0E22CB30E900C4B051 /* Resources */ = {
			isa = PBXResourcesBuildPhase;
			buildActionMask = 2147483647;
			files = (
			);
			runOnlyForDeploymentPostprocessing = 0;
		};
/* End PBXResourcesBuildPhase section */

/* Begin PBXSourcesBuildPhase section */
		253CFDE922CB30E600C4B051 /* Sources */ = {
			isa = PBXSourcesBuildPhase;
			buildActionMask = 2147483647;
			files = (
				253CFE2422CB310B00C4B051 /* AGLKContext.m in Sources */,
				253CFE3422CB315900C4B051 /* SceneAnimatedMesh.m in Sources */,
				253CFE2922CB313C00C4B051 /* AGLKVertexAttribArrayBuffer.m in Sources */,
				253CFE0022CB30E900C4B051 /* main.m in Sources */,
				253CFE2A22CB313C00C4B051 /* AGLKTextureTransformBaseEffect.m in Sources */,
				253CFE3E22CB318200C4B051 /* OpenGLES_Ch6_4ViewController.m in Sources */,
				253CFE3522CB315900C4B051 /* SceneModel.m in Sources */,
				253CFDF222CB30E600C4B051 /* AppDelegate.m in Sources */,
				253CFE3622CB315900C4B051 /* SceneCanLightModel.m in Sources */,
				253CFE3722CB315900C4B051 /* SceneMesh.m in Sources */,
			);
			runOnlyForDeploymentPostprocessing = 0;
		};
		253CFE0122CB30E900C4B051 /* Sources */ = {
			isa = PBXSourcesBuildPhase;
			buildActionMask = 2147483647;
			files = (
				253CFE0A22CB30E900C4B051 /* OpenGLES_testTests.m in Sources */,
			);
			runOnlyForDeploymentPostprocessing = 0;
		};
		253CFE0C22CB30E900C4B051 /* Sources */ = {
			isa = PBXSourcesBuildPhase;
			buildActionMask = 2147483647;
			files = (
				253CFE1522CB30E900C4B051 /* OpenGLES_testUITests.m in Sources */,
			);
			runOnlyForDeploymentPostprocessing = 0;
		};
/* End PBXSourcesBuildPhase section */

/* Begin PBXTargetDependency section */
		253CFE0722CB30E900C4B051 /* PBXTargetDependency */ = {
			isa = PBXTargetDependency;
			target = 253CFDEC22CB30E600C4B051 /* OpenGLES_test */;
			targetProxy = 253CFE0622CB30E900C4B051 /* PBXContainerItemProxy */;
		};
		253CFE1222CB30E900C4B051 /* PBXTargetDependency */ = {
			isa = PBXTargetDependency;
			target = 253CFDEC22CB30E600C4B051 /* OpenGLES_test */;
			targetProxy = 253CFE1122CB30E900C4B051 /* PBXContainerItemProxy */;
		};
/* End PBXTargetDependency section */

/* Begin PBXVariantGroup section */
		253CFDF622CB30E600C4B051 /* Main.storyboard */ = {
			isa = PBXVariantGroup;
			children = (
				253CFDF722CB30E600C4B051 /* Base */,
			);
			name = Main.storyboard;
			sourceTree = "<group>";
		};
		253CFDFB22CB30E900C4B051 /* LaunchScreen.storyboard */ = {
			isa = PBXVariantGroup;
			children = (
				253CFDFC22CB30E900C4B051 /* Base */,
			);
			name = LaunchScreen.storyboard;
			sourceTree = "<group>";
		};
/* End PBXVariantGroup section */

/* Begin XCBuildConfiguration section */
		253CFE1722CB30E900C4B051 /* Debug */ = {
			isa = XCBuildConfiguration;
			buildSettings = {
				ALWAYS_SEARCH_USER_PATHS = NO;
				CLANG_ANALYZER_NONNULL = YES;
				CLANG_ANALYZER_NUMBER_OBJECT_CONVERSION = YES_AGGRESSIVE;
				CLANG_CXX_LANGUAGE_STANDARD = "gnu++14";
				CLANG_CXX_LIBRARY = "libc++";
				CLANG_ENABLE_MODULES = YES;
				CLANG_ENABLE_OBJC_ARC = YES;
				CLANG_ENABLE_OBJC_WEAK = YES;
				CLANG_WARN_BLOCK_CAPTURE_AUTORELEASING = YES;
				CLANG_WARN_BOOL_CONVERSION = YES;
				CLANG_WARN_COMMA = YES;
				CLANG_WARN_CONSTANT_CONVERSION = YES;
				CLANG_WARN_DEPRECATED_OBJC_IMPLEMENTATIONS = YES;
				CLANG_WARN_DIRECT_OBJC_ISA_USAGE = YES_ERROR;
				CLANG_WARN_DOCUMENTATION_COMMENTS = YES;
				CLANG_WARN_EMPTY_BODY = YES;
				CLANG_WARN_ENUM_CONVERSION = YES;
				CLANG_WARN_INFINITE_RECURSION = YES;
				CLANG_WARN_INT_CONVERSION = YES;
				CLANG_WARN_NON_LITERAL_NULL_CONVERSION = YES;
				CLANG_WARN_OBJC_IMPLICIT_RETAIN_SELF = YES;
				CLANG_WARN_OBJC_LITERAL_CONVERSION = YES;
				CLANG_WARN_OBJC_ROOT_CLASS = YES_ERROR;
				CLANG_WARN_RANGE_LOOP_ANALYSIS = YES;
				CLANG_WARN_STRICT_PROTOTYPES = YES;
				CLANG_WARN_SUSPICIOUS_MOVE = YES;
				CLANG_WARN_UNGUARDED_AVAILABILITY = YES_AGGRESSIVE;
				CLANG_WARN_UNREACHABLE_CODE = YES;
				CLANG_WARN__DUPLICATE_METHOD_MATCH = YES;
				CODE_SIGN_IDENTITY = "iPhone Developer";
				COPY_PHASE_STRIP = NO;
				DEBUG_INFORMATION_FORMAT = dwarf;
				ENABLE_STRICT_OBJC_MSGSEND = YES;
				ENABLE_TESTABILITY = YES;
				GCC_C_LANGUAGE_STANDARD = gnu11;
				GCC_DYNAMIC_NO_PIC = NO;
				GCC_NO_COMMON_BLOCKS = YES;
				GCC_OPTIMIZATION_LEVEL = 0;
				GCC_PREPROCESSOR_DEFINITIONS = (
					"DEBUG=1",
					"$(inherited)",
				);
				GCC_WARN_64_TO_32_BIT_CONVERSION = YES;
				GCC_WARN_ABOUT_RETURN_TYPE = YES_ERROR;
				GCC_WARN_UNDECLARED_SELECTOR = YES;
				GCC_WARN_UNINITIALIZED_AUTOS = YES_AGGRESSIVE;
				GCC_WARN_UNUSED_FUNCTION = YES;
				GCC_WARN_UNUSED_VARIABLE = YES;
				IPHONEOS_DEPLOYMENT_TARGET = 12.2;
				MTL_ENABLE_DEBUG_INFO = INCLUDE_SOURCE;
				MTL_FAST_MATH = YES;
				ONLY_ACTIVE_ARCH = YES;
				SDKROOT = iphoneos;
			};
			name = Debug;
		};
		253CFE1822CB30E900C4B051 /* Release */ = {
			isa = XCBuildConfiguration;
			buildSettings = {
				ALWAYS_SEARCH_USER_PATHS = NO;
				CLANG_ANALYZER_NONNULL = YES;
				CLANG_ANALYZER_NUMBER_OBJECT_CONVERSION = YES_AGGRESSIVE;
				CLANG_CXX_LANGUAGE_STANDARD = "gnu++14";
				CLANG_CXX_LIBRARY = "libc++";
				CLANG_ENABLE_MODULES = YES;
				CLANG_ENABLE_OBJC_ARC = YES;
				CLANG_ENABLE_OBJC_WEAK = YES;
				CLANG_WARN_BLOCK_CAPTURE_AUTORELEASING = YES;
				CLANG_WARN_BOOL_CONVERSION = YES;
				CLANG_WARN_COMMA = YES;
				CLANG_WARN_CONSTANT_CONVERSION = YES;
				CLANG_WARN_DEPRECATED_OBJC_IMPLEMENTATIONS = YES;
				CLANG_WARN_DIRECT_OBJC_ISA_USAGE = YES_ERROR;
				CLANG_WARN_DOCUMENTATION_COMMENTS = YES;
				CLANG_WARN_EMPTY_BODY = YES;
				CLANG_WARN_ENUM_CONVERSION = YES;
				CLANG_WARN_INFINITE_RECURSION = YES;
				CLANG_WARN_INT_CONVERSION = YES;
				CLANG_WARN_NON_LITERAL_NULL_CONVERSION = YES;
				CLANG_WARN_OBJC_IMPLICIT_RETAIN_SELF = YES;
				CLANG_WARN_OBJC_LITERAL_CONVERSION = YES;
				CLANG_WARN_OBJC_ROOT_CLASS = YES_ERROR;
				CLANG_WARN_RANGE_LOOP_ANALYSIS = YES;
				CLANG_WARN_STRICT_PROTOTYPES = YES;
				CLANG_WARN_SUSPICIOUS_MOVE = YES;
				CLANG_WARN_UNGUARDED_AVAILABILITY = YES_AGGRESSIVE;
				CLANG_WARN_UNREACHABLE_CODE = YES;
				CLANG_WARN__DUPLICATE_METHOD_MATCH = YES;
				CODE_SIGN_IDENTITY = "iPhone Developer";
				COPY_PHASE_STRIP = NO;
				DEBUG_INFORMATION_FORMAT = "dwarf-with-dsym";
				ENABLE_NS_ASSERTIONS = NO;
				ENABLE_STRICT_OBJC_MSGSEND = YES;
				GCC_C_LANGUAGE_STANDARD = gnu11;
				GCC_NO_COMMON_BLOCKS = YES;
				GCC_WARN_64_TO_32_BIT_CONVERSION = YES;
				GCC_WARN_ABOUT_RETURN_TYPE = YES_ERROR;
				GCC_WARN_UNDECLARED_SELECTOR = YES;
				GCC_WARN_UNINITIALIZED_AUTOS = YES_AGGRESSIVE;
				GCC_WARN_UNUSED_FUNCTION = YES;
				GCC_WARN_UNUSED_VARIABLE = YES;
				IPHONEOS_DEPLOYMENT_TARGET = 12.2;
				MTL_ENABLE_DEBUG_INFO = NO;
				MTL_FAST_MATH = YES;
				SDKROOT = iphoneos;
				VALIDATE_PRODUCT = YES;
			};
			name = Release;
		};
		253CFE1A22CB30E900C4B051 /* Debug */ = {
			isa = XCBuildConfiguration;
			buildSettings = {
				ASSETCATALOG_COMPILER_APPICON_NAME = AppIcon;
				CODE_SIGN_STYLE = Automatic;
				DEVELOPMENT_TEAM = ME92NL5RP7;
				INFOPLIST_FILE = OpenGLES_test/Info.plist;
				IPHONEOS_DEPLOYMENT_TARGET = 11.0;
				LD_RUNPATH_SEARCH_PATHS = (
					"$(inherited)",
					"@executable_path/Frameworks",
				);
				PRODUCT_BUNDLE_IDENTIFIER = "bee2c.com.OpenGLES-test";
				PRODUCT_NAME = "$(TARGET_NAME)";
				TARGETED_DEVICE_FAMILY = "1,2";
			};
			name = Debug;
		};
		253CFE1B22CB30E900C4B051 /* Release */ = {
			isa = XCBuildConfiguration;
			buildSettings = {
				ASSETCATALOG_COMPILER_APPICON_NAME = AppIcon;
				CODE_SIGN_STYLE = Automatic;
				DEVELOPMENT_TEAM = ME92NL5RP7;
				INFOPLIST_FILE = OpenGLES_test/Info.plist;
				IPHONEOS_DEPLOYMENT_TARGET = 11.0;
				LD_RUNPATH_SEARCH_PATHS = (
					"$(inherited)",
					"@executable_path/Frameworks",
				);
				PRODUCT_BUNDLE_IDENTIFIER = "bee2c.com.OpenGLES-test";
				PRODUCT_NAME = "$(TARGET_NAME)";
				TARGETED_DEVICE_FAMILY = "1,2";
			};
			name = Release;
		};
		253CFE1D22CB30E900C4B051 /* Debug */ = {
			isa = XCBuildConfiguration;
			buildSettings = {
				BUNDLE_LOADER = "$(TEST_HOST)";
				CODE_SIGN_STYLE = Automatic;
				DEVELOPMENT_TEAM = ME92NL5RP7;
				INFOPLIST_FILE = OpenGLES_testTests/Info.plist;
				LD_RUNPATH_SEARCH_PATHS = (
					"$(inherited)",
					"@executable_path/Frameworks",
					"@loader_path/Frameworks",
				);
				PRODUCT_BUNDLE_IDENTIFIER = "bee2c.com.OpenGLES-testTests";
				PRODUCT_NAME = "$(TARGET_NAME)";
				TARGETED_DEVICE_FAMILY = "1,2";
				TEST_HOST = "$(BUILT_PRODUCTS_DIR)/OpenGLES_test.app/OpenGLES_test";
			};
			name = Debug;
		};
		253CFE1E22CB30E900C4B051 /* Release */ = {
			isa = XCBuildConfiguration;
			buildSettings = {
				BUNDLE_LOADER = "$(TEST_HOST)";
				CODE_SIGN_STYLE = Automatic;
				DEVELOPMENT_TEAM = ME92NL5RP7;
				INFOPLIST_FILE = OpenGLES_testTests/Info.plist;
				LD_RUNPATH_SEARCH_PATHS = (
					"$(inherited)",
					"@executable_path/Frameworks",
					"@loader_path/Frameworks",
				);
				PRODUCT_BUNDLE_IDENTIFIER = "bee2c.com.OpenGLES-testTests";
				PRODUCT_NAME = "$(TARGET_NAME)";
				TARGETED_DEVICE_FAMILY = "1,2";
				TEST_HOST = "$(BUILT_PRODUCTS_DIR)/OpenGLES_test.app/OpenGLES_test";
			};
			name = Release;
		};
		253CFE2022CB30E900C4B051 /* Debug */ = {
			isa = XCBuildConfiguration;
			buildSettings = {
				CODE_SIGN_STYLE = Automatic;
				DEVELOPMENT_TEAM = ME92NL5RP7;
				INFOPLIST_FILE = OpenGLES_testUITests/Info.plist;
				LD_RUNPATH_SEARCH_PATHS = (
					"$(inherited)",
					"@executable_path/Frameworks",
					"@loader_path/Frameworks",
				);
				PRODUCT_BUNDLE_IDENTIFIER = "bee2c.com.OpenGLES-testUITests";
				PRODUCT_NAME = "$(TARGET_NAME)";
				TARGETED_DEVICE_FAMILY = "1,2";
				TEST_TARGET_NAME = OpenGLES_test;
			};
			name = Debug;
		};
		253CFE2122CB30E900C4B051 /* Release */ = {
			isa = XCBuildConfiguration;
			buildSettings = {
				CODE_SIGN_STYLE = Automatic;
				DEVELOPMENT_TEAM = ME92NL5RP7;
				INFOPLIST_FILE = OpenGLES_testUITests/Info.plist;
				LD_RUNPATH_SEARCH_PATHS = (
					"$(inherited)",
					"@executable_path/Frameworks",
					"@loader_path/Frameworks",
				);
				PRODUCT_BUNDLE_IDENTIFIER = "bee2c.com.OpenGLES-testUITests";
				PRODUCT_NAME = "$(TARGET_NAME)";
				TARGETED_DEVICE_FAMILY = "1,2";
				TEST_TARGET_NAME = OpenGLES_test;
			};
			name = Release;
		};
/* End XCBuildConfiguration section */

/* Begin XCConfigurationList section */
		253CFDE822CB30E600C4B051 /* Build configuration list for PBXProject "OpenGLES_test" */ = {
			isa = XCConfigurationList;
			buildConfigurations = (
				253CFE1722CB30E900C4B051 /* Debug */,
				253CFE1822CB30E900C4B051 /* Release */,
			);
			defaultConfigurationIsVisible = 0;
			defaultConfigurationName = Release;
		};
		253CFE1922CB30E900C4B051 /* Build configuration list for PBXNativeTarget "OpenGLES_test" */ = {
			isa = XCConfigurationList;
			buildConfigurations = (
				253CFE1A22CB30E900C4B051 /* Debug */,
				253CFE1B22CB30E900C4B051 /* Release */,
			);
			defaultConfigurationIsVisible = 0;
			defaultConfigurationName = Release;
		};
		253CFE1C22CB30E900C4B051 /* Build configuration list for PBXNativeTarget "OpenGLES_testTests" */ = {
			isa = XCConfigurationList;
			buildConfigurations = (
				253CFE1D22CB30E900C4B051 /* Debug */,
				253CFE1E22CB30E900C4B051 /* Release */,
			);
			defaultConfigurationIsVisible = 0;
			defaultConfigurationName = Release;
		};
		253CFE1F22CB30E900C4B051 /* Build configuration list for PBXNativeTarget "OpenGLES_testUITests" */ = {
			isa = XCConfigurationList;
			buildConfigurations = (
				253CFE2022CB30E900C4B051 /* Debug */,
				253CFE2122CB30E900C4B051 /* Release */,
			);
			defaultConfigurationIsVisible = 0;
			defaultConfigurationName = Release;
		};
/* End XCConfigurationList section */
	};
	rootObject = 253CFDE522CB30E600C4B051 /* Project object */;
}
